
Microsoft Visual Studio Solution File, Format Version 12.00
# Visual Studio Version 17
VisualStudioVersion = 17.4.33205.214
MinimumVisualStudioVersion = 10.0.40219.1
Project("{FAE04EC0-301F-11D3-BF4B-00C04F79EFBC}") = "Desktop_ProjSample1", "Desktop_ProjSample1\Desktop_ProjSample1.csproj", "{EECBD777-E1DA-4283-9779-C6C70F0E9191}"
EndProject
Global
	GlobalSection(SolutionConfigurationPlatforms) = preSolution
		Debug|Any CPU = Debug|Any CPU
		Release|Any CPU = Release|Any CPU
	EndGlobalSection
	GlobalSection(ProjectConfigurationPlatforms) = postSolution
		{EECBD777-E1DA-4283-9779-C6C70F0E9191}.Debug|Any CPU.ActiveCfg = Debug|Any CPU
		{EECBD777-E1DA-4283-9779-C6C70F0E9191}.Debug|Any CPU.Build.0 = Debug|Any CPU
		{EECBD777-E1DA-4283-9779-C6C70F0E9191}.Release|Any CPU.ActiveCfg = Release|Any CPU
		{EECBD777-E1DA-4283-9779-C6C70F0E9191}.Release|Any CPU.Build.0 = Release|Any CPU
	EndGlobalSection
	GlobalSection(SolutionProperties) = preSolution
		HideSolutionNode = FALSE
	EndGlobalSection
	GlobalSection(ExtensibilityGlobals) = postSolution
		SolutionGuid = {8A492C96-194A-4F29-9FC7-69C1E7376213}
	EndGlobalSection
EndGlobal
